PODS:
  - Analytics (3.6.0)
  - Analytics-iAds-Attribution (1.0.0):
    - Analytics (~> 3.6.0)
  - Expecta (1.0.5)
  - Specta (1.0.6)

DEPENDENCIES:
  - Analytics (= 3.6.0)
  - Analytics-iAds-Attribution (from `../`)
  - Expecta
  - Specta

EXTERNAL SOURCES:
  Analytics-iAds-Attribution:
    :path: ../

SPEC CHECKSUMS:
  Analytics: 15be3e651d22cc811f44df65698538236676437b
  Analytics-iAds-Attribution: 0ea8bbe0d7f0dba7fb028648e8a65b66b253fb23
  Expecta: e1c022fcd33910b6be89c291d2775b3fe27a89fe
  Specta: f506f3a8361de16bc0dcf3b17b75e269072ba465

PODFILE CHECKSUM: 072dfeae01d770684d03789212831987f310ad69

COCOAPODS: 1.2.0
