PODS:
  - Analytics (4.1.2)
  - Analytics-iAds-Attribution (3.1.0):
    - Analytics
  - Expecta (1.0.6)
  - Specta (1.0.7)

DEPENDENCIES:
  - Analytics
  - Analytics-iAds-Attribution (from `../`)
  - Expecta
  - Specta

SPEC REPOS:
  trunk:
    - Analytics
    - Expecta
    - Specta

EXTERNAL SOURCES:
  Analytics-iAds-Attribution:
    :path: "../"

SPEC CHECKSUMS:
  Analytics: 177da2c597aba83a6882b706ca6e0a071fd7cd26
  Analytics-iAds-Attribution: 2c8621a8374325942cc8491e27f7ad07613b6142
  Expecta: 3b6bd90a64b9a1dcb0b70aa0e10a7f8f631667d5
  Specta: 3e1bd89c3517421982dc4d1c992503e48bd5fe66

PODFILE CHECKSUM: ac956fb9e762ffa4cdc0443ac50f0aaf523e29ba

COCOAPODS: 1.10.1
