PODS:
  - Analytics (3.6.0-rc)
  - Analytics-iAds-Attribution (1.0.0):
    - Analytics (~> 3.6.0-rc)
  - Expecta (1.0.5)
  - Specta (1.0.6)

DEPENDENCIES:
  - Analytics (= 3.6.0-rc)
  - Analytics-iAds-Attribution (from `../`)
  - Expecta
  - Specta

EXTERNAL SOURCES:
  Analytics-iAds-Attribution:
    :path: ../

SPEC CHECKSUMS:
  Analytics: 40d3b441105b670b4242612317bd3add4779f949
  Analytics-iAds-Attribution: dbb91ceef67f4e6227dcba698b15fe138f8763c0
  Expecta: e1c022fcd33910b6be89c291d2775b3fe27a89fe
  Specta: f506f3a8361de16bc0dcf3b17b75e269072ba465

PODFILE CHECKSUM: e6103927d4c46216190985a869a502ad1897ff1a

COCOAPODS: 1.2.0
